
Microsoft Visual Studio Solution File, Format Version 12.00
# Visual Studio Version 16
VisualStudioVersion = 25.0.1706.0
MinimumVisualStudioVersion = 10.0.40219.1
Project("{FAE04EC0-301F-11D3-BF4B-00C04F79EFBC}") = "Lab3_z2", "Lab3_z2\Lab3_z2.csproj", "{33DF38B6-CACF-4881-B085-8D1B98202D57}"
EndProject
Global
	GlobalSection(SolutionConfigurationPlatforms) = preSolution
		Debug|Any CPU = Debug|Any CPU
		Release|Any CPU = Release|Any CPU
	EndGlobalSection
	GlobalSection(ProjectConfigurationPlatforms) = postSolution
		{33DF38B6-CACF-4881-B085-8D1B98202D57}.Debug|Any CPU.ActiveCfg = Debug|Any CPU
		{33DF38B6-CACF-4881-B085-8D1B98202D57}.Debug|Any CPU.Build.0 = Debug|Any CPU
		{33DF38B6-CACF-4881-B085-8D1B98202D57}.Release|Any CPU.ActiveCfg = Release|Any CPU
		{33DF38B6-CACF-4881-B085-8D1B98202D57}.Release|Any CPU.Build.0 = Release|Any CPU
	EndGlobalSection
	GlobalSection(SolutionProperties) = preSolution
		HideSolutionNode = FALSE
	EndGlobalSection
	GlobalSection(ExtensibilityGlobals) = postSolution
		SolutionGuid = {656FD2FD-878F-4420-B03C-005E64E616E7}
	EndGlobalSection
EndGlobal
